<?xml version="1.0" encoding="utf-8"?>
<Project ToolsVersion="4.0" xmlns="http://schemas.microsoft.com/developer/msbuild/2003">
  <ItemGroup>
    <Filter Include="Window">
      <UniqueIdentifier>{e3a8313f-f747-4873-937f-bd3077d9a98d}</UniqueIdentifier>
    </Filter>
    <Filter Include="Ray">
      <UniqueIdentifier>{9e03cad3-5655-4612-98f5-b8833e6f82de}</UniqueIdentifier>
    </Filter>
    <Filter Include="Shape">
      <UniqueIdentifier>{e2f4a3d7-3fc5-4803-9bd0-ce5d43700a66}</UniqueIdentifier>
    </Filter>
    <Filter Include="Material">
      <UniqueIdentifier>{78c33e7b-1618-4cd8-9bdf-1b8f68d99b52}</UniqueIdentifier>
    </Filter>
    <Filter Include="Camera">
      <UniqueIdentifier>{4497b8f1-eb84-4f3a-a751-660b038de0da}</UniqueIdentifier>
    </Filter>
    <Filter Include="Scene">
      <UniqueIdentifier>{b0d95c48-9716-4e87-b40a-5d9b800a1a87}</UniqueIdentifier>
    </Filter>
    <Filter Include="Render">
      <UniqueIdentifier>{2a99d076-8849-45d8-ab7c-bf9eae2fa127}</UniqueIdentifier>
    </Filter>
  </ItemGroup>
  <ItemGroup>
    <ClCompile Include="Window.cpp">
      <Filter>Window</Filter>
    </ClCompile>
    <ClCompile Include="Main.cpp" />
    <ClCompile Include="Ray.cpp">
      <Filter>Ray</Filter>
    </ClCompile>
    <ClCompile Include="Shape.cpp">
      <Filter>Shape</Filter>
    </ClCompile>
    <ClCompile Include="Material.cpp">
      <Filter>Material</Filter>
    </ClCompile>
    <ClCompile Include="Sphere.cpp">
      <Filter>Shape</Filter>
    </ClCompile>
    <ClCompile Include="Plane.cpp">
      <Filter>Shape</Filter>
    </ClCompile>
    <ClCompile Include="Camera.cpp">
      <Filter>Camera</Filter>
    </ClCompile>
    <ClCompile Include="RayCaster.cpp">
      <Filter>Ray</Filter>
    </ClCompile>
    <ClCompile Include="Scene.cpp">
      <Filter>Scene</Filter>
    </ClCompile>
    <ClCompile Include="Render.cpp">
      <Filter>Render</Filter>
    </ClCompile>
  </ItemGroup>
  <ItemGroup>
    <ClInclude Include="Window.h">
      <Filter>Window</Filter>
    </ClInclude>
    <ClInclude Include="Global.h" />
    <ClInclude Include="Ray.h">
      <Filter>Ray</Filter>
    </ClInclude>
    <ClInclude Include="Shape.h">
      <Filter>Shape</Filter>
    </ClInclude>
    <ClInclude Include="Material.h">
      <Filter>Material</Filter>
    </ClInclude>
    <ClInclude Include="Sphere.h">
      <Filter>Shape</Filter>
    </ClInclude>
    <ClInclude Include="Plane.h">
      <Filter>Shape</Filter>
    </ClInclude>
    <ClInclude Include="Camera.h">
      <Filter>Camera</Filter>
    </ClInclude>
    <ClInclude Include="RayCaster.h">
      <Filter>Ray</Filter>
    </ClInclude>
    <ClInclude Include="Scene.h">
      <Filter>Scene</Filter>
    </ClInclude>
    <ClInclude Include="Render.h">
      <Filter>Render</Filter>
    </ClInclude>
  </ItemGroup>
</Project>